
Microsoft Visual Studio Solution File, Format Version 12.00
# Visual Studio Version 16
VisualStudioVersion = 16.0.29709.97
MinimumVisualStudioVersion = 15.0.26124.0
Project("{2150E333-8FDC-42A3-9474-1A3956D46DE8}") = "Src", "Src", "{D55F98E2-8F2A-4939-8933-16738B6CEB84}"
EndProject
Project("{9A19103F-16F7-4668-BE54-9A1E7A4F7556}") = "IdenityServer4InMem", "Src\IdenityServer4InMem\IdenityServer4InMem.csproj", "{770604C0-0374-45AC-8DDB-8E0C394A2731}"
EndProject
Project("{FAE04EC0-301F-11D3-BF4B-00C04F79EFBC}") = "MvcClient.Portal", "Src\MvcClient.Portal\MvcClient.Portal.csproj", "{BF09DF6A-F923-4F11-9398-383927370E5F}"
EndProject
Global
	GlobalSection(SolutionConfigurationPlatforms) = preSolution
		Debug|Any CPU = Debug|Any CPU
		Debug|x64 = Debug|x64
		Debug|x86 = Debug|x86
		Release|Any CPU = Release|Any CPU
		Release|x64 = Release|x64
		Release|x86 = Release|x86
	EndGlobalSection
	GlobalSection(ProjectConfigurationPlatforms) = postSolution
		{770604C0-0374-45AC-8DDB-8E0C394A2731}.Debug|Any CPU.ActiveCfg = Debug|Any CPU
		{770604C0-0374-45AC-8DDB-8E0C394A2731}.Debug|Any CPU.Build.0 = Debug|Any CPU
		{770604C0-0374-45AC-8DDB-8E0C394A2731}.Debug|x64.ActiveCfg = Debug|Any CPU
		{770604C0-0374-45AC-8DDB-8E0C394A2731}.Debug|x64.Build.0 = Debug|Any CPU
		{770604C0-0374-45AC-8DDB-8E0C394A2731}.Debug|x86.ActiveCfg = Debug|Any CPU
		{770604C0-0374-45AC-8DDB-8E0C394A2731}.Debug|x86.Build.0 = Debug|Any CPU
		{770604C0-0374-45AC-8DDB-8E0C394A2731}.Release|Any CPU.ActiveCfg = Release|Any CPU
		{770604C0-0374-45AC-8DDB-8E0C394A2731}.Release|Any CPU.Build.0 = Release|Any CPU
		{770604C0-0374-45AC-8DDB-8E0C394A2731}.Release|x64.ActiveCfg = Release|Any CPU
		{770604C0-0374-45AC-8DDB-8E0C394A2731}.Release|x64.Build.0 = Release|Any CPU
		{770604C0-0374-45AC-8DDB-8E0C394A2731}.Release|x86.ActiveCfg = Release|Any CPU
		{770604C0-0374-45AC-8DDB-8E0C394A2731}.Release|x86.Build.0 = Release|Any CPU
		{BF09DF6A-F923-4F11-9398-383927370E5F}.Debug|Any CPU.ActiveCfg = Debug|Any CPU
		{BF09DF6A-F923-4F11-9398-383927370E5F}.Debug|Any CPU.Build.0 = Debug|Any CPU
		{BF09DF6A-F923-4F11-9398-383927370E5F}.Debug|x64.ActiveCfg = Debug|Any CPU
		{BF09DF6A-F923-4F11-9398-383927370E5F}.Debug|x64.Build.0 = Debug|Any CPU
		{BF09DF6A-F923-4F11-9398-383927370E5F}.Debug|x86.ActiveCfg = Debug|Any CPU
		{BF09DF6A-F923-4F11-9398-383927370E5F}.Debug|x86.Build.0 = Debug|Any CPU
		{BF09DF6A-F923-4F11-9398-383927370E5F}.Release|Any CPU.ActiveCfg = Release|Any CPU
		{BF09DF6A-F923-4F11-9398-383927370E5F}.Release|Any CPU.Build.0 = Release|Any CPU
		{BF09DF6A-F923-4F11-9398-383927370E5F}.Release|x64.ActiveCfg = Release|Any CPU
		{BF09DF6A-F923-4F11-9398-383927370E5F}.Release|x64.Build.0 = Release|Any CPU
		{BF09DF6A-F923-4F11-9398-383927370E5F}.Release|x86.ActiveCfg = Release|Any CPU
		{BF09DF6A-F923-4F11-9398-383927370E5F}.Release|x86.Build.0 = Release|Any CPU
	EndGlobalSection
	GlobalSection(SolutionProperties) = preSolution
		HideSolutionNode = FALSE
	EndGlobalSection
	GlobalSection(NestedProjects) = preSolution
		{770604C0-0374-45AC-8DDB-8E0C394A2731} = {D55F98E2-8F2A-4939-8933-16738B6CEB84}
		{BF09DF6A-F923-4F11-9398-383927370E5F} = {D55F98E2-8F2A-4939-8933-16738B6CEB84}
	EndGlobalSection
	GlobalSection(ExtensibilityGlobals) = postSolution
		SolutionGuid = {F02681B3-6BA2-4754-8835-4C3692A3E621}
	EndGlobalSection
EndGlobal
